
Microsoft Visual Studio Solution File, Format Version 12.00
# Visual Studio Version 16
VisualStudioVersion = 16.0.33423.256
MinimumVisualStudioVersion = 10.0.40219.1
Project("{FAE04EC0-301F-11D3-BF4B-00C04F79EFBC}") = "Lab2", "Lab2\Lab2.csproj", "{ED39FB46-DAC2-43F9-8C88-771B1B18CD3B}"
EndProject
Global
	GlobalSection(SolutionConfigurationPlatforms) = preSolution
		Debug|Any CPU = Debug|Any CPU
		Release|Any CPU = Release|Any CPU
	EndGlobalSection
	GlobalSection(ProjectConfigurationPlatforms) = postSolution
		{ED39FB46-DAC2-43F9-8C88-771B1B18CD3B}.Debug|Any CPU.ActiveCfg = Debug|Any CPU
		{ED39FB46-DAC2-43F9-8C88-771B1B18CD3B}.Debug|Any CPU.Build.0 = Debug|Any CPU
		{ED39FB46-DAC2-43F9-8C88-771B1B18CD3B}.Release|Any CPU.ActiveCfg = Release|Any CPU
		{ED39FB46-DAC2-43F9-8C88-771B1B18CD3B}.Release|Any CPU.Build.0 = Release|Any CPU
	EndGlobalSection
	GlobalSection(SolutionProperties) = preSolution
		HideSolutionNode = FALSE
	EndGlobalSection
	GlobalSection(ExtensibilityGlobals) = postSolution
		SolutionGuid = {66D7BD1D-57D0-4208-81B6-510B2D4B9C1B}
	EndGlobalSection
EndGlobal
